
Microsoft Visual Studio Solution File, Format Version 11.00
# Visual Studio 2010
Project("{FAE04EC0-301F-11D3-BF4B-00C04F79EFBC}") = "QueryInternalForm", "QueryInternalForm.csproj", "{A33AFDEC-CB84-4843-BD6B-C8862A0CBFBF}"
EndProject
Global
	GlobalSection(SolutionConfigurationPlatforms) = preSolution
		Debug|Any CPU = Debug|Any CPU
		Release|Any CPU = Release|Any CPU
	EndGlobalSection
	GlobalSection(ProjectConfigurationPlatforms) = postSolution
		{A33AFDEC-CB84-4843-BD6B-C8862A0CBFBF}.Debug|Any CPU.ActiveCfg = Debug|Any CPU
		{A33AFDEC-CB84-4843-BD6B-C8862A0CBFBF}.Debug|Any CPU.Build.0 = Debug|Any CPU
		{A33AFDEC-CB84-4843-BD6B-C8862A0CBFBF}.Release|Any CPU.ActiveCfg = Release|Any CPU
		{A33AFDEC-CB84-4843-BD6B-C8862A0CBFBF}.Release|Any CPU.Build.0 = Release|Any CPU
	EndGlobalSection
	GlobalSection(SolutionProperties) = preSolution
		HideSolutionNode = FALSE
	EndGlobalSection
EndGlobal
